
Microsoft Visual Studio Solution File, Format Version 12.00
# Visual Studio 2013
VisualStudioVersion = 12.0.31101.0
MinimumVisualStudioVersion = 10.0.40219.1
Project("{FAE04EC0-301F-11D3-BF4B-00C04F79EFBC}") = "Ixoxo.Domain", "Ixoxo.Domain\Ixoxo.Domain.csproj", "{96B6B704-E80B-4862-829B-917CC6CB0C1D}"
EndProject
Project("{FAE04EC0-301F-11D3-BF4B-00C04F79EFBC}") = "Ixoxo.Nhib", "Ixoxo.Nhib\Ixoxo.Nhib.csproj", "{AD860967-0138-4AD3-898D-9655732AD58B}"
EndProject
Project("{2150E333-8FDC-42A3-9474-1A3956D46DE8}") = ".nuget", ".nuget", "{791B5D5B-6C98-4826-9050-A54CC51DE4E9}"
	ProjectSection(SolutionItems) = preProject
		.nuget\NuGet.Config = .nuget\NuGet.Config
		.nuget\NuGet.exe = .nuget\NuGet.exe
		.nuget\NuGet.targets = .nuget\NuGet.targets
	EndProjectSection
EndProject
Global
	GlobalSection(SolutionConfigurationPlatforms) = preSolution
		Debug|Any CPU = Debug|Any CPU
		Release|Any CPU = Release|Any CPU
	EndGlobalSection
	GlobalSection(ProjectConfigurationPlatforms) = postSolution
		{96B6B704-E80B-4862-829B-917CC6CB0C1D}.Debug|Any CPU.ActiveCfg = Debug|Any CPU
		{96B6B704-E80B-4862-829B-917CC6CB0C1D}.Debug|Any CPU.Build.0 = Debug|Any CPU
		{96B6B704-E80B-4862-829B-917CC6CB0C1D}.Release|Any CPU.ActiveCfg = Release|Any CPU
		{96B6B704-E80B-4862-829B-917CC6CB0C1D}.Release|Any CPU.Build.0 = Release|Any CPU
		{AD860967-0138-4AD3-898D-9655732AD58B}.Debug|Any CPU.ActiveCfg = Debug|Any CPU
		{AD860967-0138-4AD3-898D-9655732AD58B}.Debug|Any CPU.Build.0 = Debug|Any CPU
		{AD860967-0138-4AD3-898D-9655732AD58B}.Release|Any CPU.ActiveCfg = Release|Any CPU
		{AD860967-0138-4AD3-898D-9655732AD58B}.Release|Any CPU.Build.0 = Release|Any CPU
	EndGlobalSection
	GlobalSection(SolutionProperties) = preSolution
		HideSolutionNode = FALSE
	EndGlobalSection
EndGlobal
